dependencies:
- name: common
  repository: https://charts.opencsg.com/csghub
  version: 0.2.0
- name: reloader
  repository: file://charts/reloader
  version: 2.2.7
- name: gateway-helm
  repository: file://charts/gateway-helm
  version: v1.6.3
digest: sha256:b5ef0575f54223df61aa7d465289c37615742f78669736a57021c35809c43fd1
generated: "2026-02-05T15:52:11.719133+08:00"
