dependencies:
- name: common
  repository: https://charts.opencsg.com/repository/csghub
  version: 0.1.1
- name: ingress-nginx
  repository: file://charts/ingress-nginx
  version: 4.12.7
- name: reloader
  repository: file://charts/reloader
  version: 2.1.4
- name: prometheus
  repository: file://charts/prometheus
  version: 27.37.0
digest: sha256:317a13d114ce79914ebc97275b85f524ef5025029f7bdbbd2f8dc0c25d2aa63d
generated: "2025-10-22T14:17:05.513341+08:00"
