dependencies:
- name: common
  repository: https://charts.opencsg.com/csghub
  version: 0.2.2
- name: reloader
  repository: https://charts.opencsg.com/infra
  version: 2.2.14
- name: gateway-helm
  repository: oci://docker.io/envoyproxy
  version: 1.6.7
digest: sha256:256c2f5e6e12dcae1d89811c24898ffae641addfd0617ba473b26006fc85160a
generated: "2026-07-09T15:50:39.186781+08:00"
