dependencies:
- name: common
  repository: https://charts.opencsg.com/csghub
  version: 0.2.3
- name: reloader
  repository: https://charts.opencsg.com/infra
  version: 2.2.14
- name: gateway-helm
  repository: oci://docker.io/envoyproxy
  version: 1.7.5
digest: sha256:cd99070569219378eba37a6c486bf9777bcd9babd6ea88281f6edf1eb9019e5a
generated: "2026-08-12T12:05:41.068706+08:00"
