dependencies:
- name: common
  repository: https://charts.opencsg.com/csghub
  version: 0.2.2
- name: reloader
  repository: https://charts.opencsg.com/infra
  version: 2.2.7
- name: gateway-helm
  repository: oci://docker.io/envoyproxy
  version: 1.6.7
digest: sha256:6fbdcfdea8555cd049a1c2ce197f43b3a802ab1dd27b6f732a1cad04d4ee91d0
generated: "2026-06-16T17:29:48.241719+08:00"
