dependencies:
- name: common
  repository: https://charts.opencsg.com/csghub
  version: 0.3.0
- name: reloader
  repository: https://charts.opencsg.com/infra
  version: 2.2.14
- name: gateway-helm
  repository: oci://docker.io/envoyproxy
  version: 1.7.5
- name: memmachine
  repository: https://charts.opencsg.com/infra
  version: 0.1.0
digest: sha256:2caeb75d8ba0343a8deea0e67e8ce120e3d22d023f3480f8fb5aef85eba696e8
generated: "2026-09-07T11:39:04.328493+08:00"
