dependencies:
- name: common
  repository: https://charts.opencsg.com/csghub
  version: 0.2.2
- name: gateway-helm
  repository: file://charts/gateway-helm
  version: v1.6.3
digest: sha256:54f11f90aeb971b4360c579ca8aac893e14366da66eed6ab79ac742ded248bbd
generated: "2026-04-23T16:15:34.197183+08:00"
