dependencies:
- name: common
  repository: https://charts.opencsg.com/csghub
  version: 0.2.6
- name: reloader
  repository: https://charts.opencsg.com/infra
  version: 2.2.14
- name: gateway-helm
  repository: oci://docker.io/envoyproxy
  version: 1.7.5
- name: memmachine
  repository: https://charts.opencsg.com/infra
  version: 0.1.0
digest: sha256:9a128f0424c4a691f1cf973a5075b8dd3d41c4be0898d5821c84bae2d0d1bebe
generated: "2026-08-19T17:02:41.497352+08:00"
