dependencies:
- name: common
  repository: https://charts.opencsg.com/csghub
  version: 0.2.2
- name: reloader
  repository: file://charts/reloader
  version: 2.2.7
- name: prometheus
  repository: file://charts/prometheus
  version: 28.6.0
- name: gateway-helm
  repository: oci://docker.io/envoyproxy
  version: 1.6.7
- name: lws
  repository: file://charts/lws
  version: v0.6.1
- name: argo-workflows
  repository: file://charts/argo-workflows
  version: 0.47.4
- name: knative-operator
  repository: file://charts/knative-operator
  version: 1.21.1
- name: volcano
  repository: file://charts/volcano
  version: 1.14.1
- name: agent-sandbox
  repository: https://charts.opencsg.com/csghub
  version: 0.2.1
digest: sha256:297162e86323de600d29ab82a5671954bb7a98f00546d8599643c12d64fcf51d
generated: "2026-05-07T13:54:38.509357+08:00"
