dependencies:
- name: common
  repository: https://charts.opencsg.com/csghub
  version: 0.1.6
- name: ingress-nginx
  repository: file://charts/ingress-nginx
  version: 4.14.1
- name: reloader
  repository: file://charts/reloader
  version: 2.2.7
- name: prometheus
  repository: file://charts/prometheus
  version: 28.6.0
digest: sha256:ad6fa6ac0dc11b1e469827d8a14dfa0c95de1f301eb095cb0efb45367ab0040e
generated: "2026-01-21T18:32:41.749561+08:00"
