dependencies:
- name: common
  repository: https://charts.opencsg.com/csghub
  version: 0.2.2
- name: reloader
  repository: https://charts.opencsg.com/infra
  version: 2.2.7
- name: prometheus
  repository: https://charts.opencsg.com/infra
  version: 29.14.0
- name: gateway-helm
  repository: oci://docker.io/envoyproxy
  version: 1.6.7
- name: lws
  repository: https://charts.opencsg.com/infra
  version: v0.6.1
- name: argo-workflows
  repository: https://charts.opencsg.com/infra
  version: 0.47.4
- name: knative-operator
  repository: https://charts.opencsg.com/infra
  version: 1.22.1
- name: volcano
  repository: https://charts.opencsg.com/infra
  version: 1.14.1
- name: agent-sandbox
  repository: https://charts.opencsg.com/csghub
  version: 0.2.1
digest: sha256:76005cec5be1772dceac2eb8137db6b4549227cd66bdd4a381e143c47f6d6d68
generated: "2026-07-09T12:32:56.902445+08:00"
