dependencies:
- name: common
  repository: https://charts.opencsg.com/csghub
  version: 0.2.1
- name: reloader
  repository: file://charts/reloader
  version: 2.2.7
- name: loki
  repository: file://charts/loki
  version: 6.29.0
- name: tempo
  repository: file://charts/tempo
  version: 1.23.3
- name: prometheus
  repository: file://charts/prometheus
  version: 28.6.0
- name: runner
  repository: https://charts.opencsg.com/csghub
  version: 1.17.0
- name: dataflow
  repository: https://charts.opencsg.com/csghub
  version: 1.17.0
- name: csgship
  repository: https://charts.opencsg.com/csghub
  version: 0.4.1
- name: memmachine
  repository: file://charts/memmachine
  version: 0.1.0
- name: gateway-helm
  repository: file://charts/gateway-helm
  version: v1.6.3
digest: sha256:f84f024e016ab93ef294949d657361ab905d918f967debca145762f920d90863
generated: "2026-03-13T17:54:26.834535+08:00"
