dependencies:
- name: common
  repository: https://charts.opencsg.com/csghub
  version: 0.2.2
- name: reloader
  repository: https://charts.opencsg.com/infra
  version: 2.2.14
- name: loki
  repository: https://charts.opencsg.com/infra
  version: 6.29.0
- name: tempo
  repository: https://charts.opencsg.com/infra
  version: 1.23.3
- name: prometheus
  repository: https://charts.opencsg.com/infra
  version: 29.14.0
- name: runner
  repository: https://charts.opencsg.com/csghub
  version: 2.2.4
- name: dataflow
  repository: https://charts.opencsg.com/csghub
  version: 2.2.2
- name: csgship
  repository: https://charts.opencsg.com/csghub
  version: 0.4.3
- name: memmachine
  repository: https://charts.opencsg.com/infra
  version: 0.1.0
- name: gateway-helm
  repository: oci://docker.io/envoyproxy
  version: 1.7.5
- name: agentichub
  repository: https://charts.opencsg.com/csghub
  version: 0.6.2
digest: sha256:81897ebbadf396d7ef2de6634a0e24efe12cd5a1b62d8da9b086daa7df809e78
generated: "2026-07-09T16:41:49.380191+08:00"
