dependencies:
- name: common
  repository: https://charts.opencsg.com/csghub
  version: 0.2.2
- name: reloader
  repository: https://charts.opencsg.com/infra
  version: 2.2.7
- name: loki
  repository: https://charts.opencsg.com/infra
  version: 6.29.0
- name: tempo
  repository: https://charts.opencsg.com/infra
  version: 1.23.3
- name: prometheus
  repository: https://charts.opencsg.com/infra
  version: 28.6.0
- name: runner
  repository: https://charts.opencsg.com/csghub
  version: 2.2.3
- name: dataflow
  repository: https://charts.opencsg.com/csghub
  version: 2.2.1
- name: csgship
  repository: https://charts.opencsg.com/csghub
  version: 0.4.3
- name: memmachine
  repository: https://charts.opencsg.com/infra
  version: 0.1.0
- name: gateway-helm
  repository: oci://docker.io/envoyproxy
  version: 1.6.7
- name: agentichub
  repository: https://charts.opencsg.com/csghub
  version: 0.6.2
digest: sha256:0b347a95be5209127f8e87500348486320ed48abf5aa7568f021d9d569feeaad
generated: "2026-06-25T16:37:56.886273+08:00"
